// !$*UTF8*$!
{
	archiveVersion = 1;
	classes = {
	};
	objectVersion = 77;
	objects = {

/* Begin PBXBuildFile section */
		A9C42B7F08CBEA174C9887F6 /* KBDongleApp.swift in Sources */ = {isa = PBXBuildFile; fileRef = EAD61D52E0B62EE3FDB94C7A /* KBDongleApp.swift */; };
/* End PBXBuildFile section */

/* Begin PBXContainerItemProxy section */
		45F4F791F67158CDA99A8210 /* PBXContainerItemProxy */ = {
			isa = PBXContainerItemProxy;
			containerPortal = 03464C0E237ABAE426949904 /* Project object */;
			proxyType = 1;
			remoteGlobalIDString = 29718C72152751F05D46F5EB;
			remoteInfo = KBDongle;
		};
/* End PBXContainerItemProxy section */

/* Begin PBXFileReference section */
		1AC9D3719736A6BCEFB41845 /* KBDongleTests.xctest */ = {isa = PBXFileReference; explicitFileType = wrapper.cfbundle; includeInIndex = 0; path = KBDongleTests.xctest; sourceTree = BUILT_PRODUCTS_DIR; };
		43F2227A8EC2689872257BA5 /* KBDongle.app */ = {isa = PBXFileReference; explicitFileType = wrapper.application; includeInIndex = 0; path = KBDongle.app; sourceTree = BUILT_PRODUCTS_DIR; };
		5CA6F01583779024C821F912 /* KBDongle.entitlements */ = {isa = PBXFileReference; lastKnownFileType = text.plist.entitlements; path = KBDongle.entitlements; sourceTree = "<group>"; };
		6BD92BE19D80BE2002147590 /* Info.plist */ = {isa = PBXFileReference; lastKnownFileType = text.plist; path = Info.plist; sourceTree = "<group>"; };
		EAD61D52E0B62EE3FDB94C7A /* KBDongleApp.swift */ = {isa = PBXFileReference; lastKnownFileType = sourcecode.swift; path = KBDongleApp.swift; sourceTree = "<group>"; };
/* End PBXFileReference section */

/* Begin PBXGroup section */
		4DC849A1E77AEB0EE9EADCC4 = {
			isa = PBXGroup;
			children = (
				B8F472AE2A97BBC390F89909 /* KBDongle */,
				CB48B5C2DE6BAAAF85D0CBD1 /* KBDongleTests */,
				CDDD8B2A059B1E28C1B19185 /* Products */,
			);
			sourceTree = "<group>";
		};
		B8F472AE2A97BBC390F89909 /* KBDongle */ = {
			isa = PBXGroup;
			children = (
				6BD92BE19D80BE2002147590 /* Info.plist */,
				5CA6F01583779024C821F912 /* KBDongle.entitlements */,
				EAD61D52E0B62EE3FDB94C7A /* KBDongleApp.swift */,
			);
			path = KBDongle;
			sourceTree = "<group>";
		};
		CB48B5C2DE6BAAAF85D0CBD1 /* KBDongleTests */ = {
			isa = PBXGroup;
			children = (
			);
			path = KBDongleTests;
			sourceTree = "<group>";
		};
		CDDD8B2A059B1E28C1B19185 /* Products */ = {
			isa = PBXGroup;
			children = (
				43F2227A8EC2689872257BA5 /* KBDongle.app */,
				1AC9D3719736A6BCEFB41845 /* KBDongleTests.xctest */,
			);
			name = Products;
			sourceTree = "<group>";
		};
/* End PBXGroup section */

/* Begin PBXNativeTarget section */
		2535B51E7A9D6BD3312DA344 /* KBDongleTests */ = {
			isa = PBXNativeTarget;
			buildConfigurationList = C8688A58FA696DD6235FF13F /* Build configuration list for PBXNativeTarget "KBDongleTests" */;
			buildPhases = (
				27FF508607DB720B968B313E /* Sources */,
			);
			buildRules = (
			);
			dependencies = (
				B03961EB0829211F3FF69BA0 /* PBXTargetDependency */,
			);
			name = KBDongleTests;
			packageProductDependencies = (
			);
			productName = KBDongleTests;
			productReference = 1AC9D3719736A6BCEFB41845 /* KBDongleTests.xctest */;
			productType = "com.apple.product-type.bundle.unit-test";
		};
		29718C72152751F05D46F5EB /* KBDongle */ = {
			isa = PBXNativeTarget;
			buildConfigurationList = 739FC96B6842A4E67B22BE8C /* Build configuration list for PBXNativeTarget "KBDongle" */;
			buildPhases = (
				9BBCDE30C544C73B173EA212 /* Sources */,
			);
			buildRules = (
			);
			dependencies = (
			);
			name = KBDongle;
			packageProductDependencies = (
			);
			productName = KBDongle;
			productReference = 43F2227A8EC2689872257BA5 /* KBDongle.app */;
			productType = "com.apple.product-type.application";
		};
/* End PBXNativeTarget section */

/* Begin PBXProject section */
		03464C0E237ABAE426949904 /* Project object */ = {
			isa = PBXProject;
			attributes = {
				BuildIndependentTargetsInParallel = YES;
				LastUpgradeCheck = 1500;
				TargetAttributes = {
					29718C72152751F05D46F5EB = {
						ProvisioningStyle = Automatic;
					};
				};
			};
			buildConfigurationList = 049658B650BE2E20EACE29AB /* Build configuration list for PBXProject "KBDongle" */;
			developmentRegion = en;
			hasScannedForEncodings = 0;
			knownRegions = (
				Base,
				en,
			);
			mainGroup = 4DC849A1E77AEB0EE9EADCC4;
			minimizedProjectReferenceProxies = 1;
			preferredProjectObjectVersion = 77;
			productRefGroup = CDDD8B2A059B1E28C1B19185 /* Products */;
			projectDirPath = "";
			projectRoot = "";
			targets = (
				29718C72152751F05D46F5EB /* KBDongle */,
				2535B51E7A9D6BD3312DA344 /* KBDongleTests */,
			);
		};
/* End PBXProject section */

/* Begin PBXSourcesBuildPhase section */
		27FF508607DB720B968B313E /* Sources */ = {
			isa = PBXSourcesBuildPhase;
			buildActionMask = 2147483647;
			files = (
			);
			runOnlyForDeploymentPostprocessing = 0;
		};
		9BBCDE30C544C73B173EA212 /* Sources */ = {
			isa = PBXSourcesBuildPhase;
			buildActionMask = 2147483647;
			files = (
				A9C42B7F08CBEA174C9887F6 /* KBDongleApp.swift in Sources */,
			);
			runOnlyForDeploymentPostprocessing = 0;
		};
/* End PBXSourcesBuildPhase section */

/* Begin PBXTargetDependency section */
		B03961EB0829211F3FF69BA0 /* PBXTargetDependency */ = {
			isa = PBXTargetDependency;
			target = 29718C72152751F05D46F5EB /* KBDongle */;
			targetProxy = 45F4F791F67158CDA99A8210 /* PBXContainerItemProxy */;
		};
/* End PBXTargetDependency section */

/* Begin XCBuildConfiguration section */
		41011B60330559E34A2F3481 /* Debug */ = {
			isa = XCBuildConfiguration;
			buildSettings = {
				ALWAYS_SEARCH_USER_PATHS = NO;
				CLANG_ANALYZER_NONNULL = YES;
				CLANG_ANALYZER_NUMBER_OBJECT_CONVERSION = YES_AGGRESSIVE;
				CLANG_CXX_LANGUAGE_STANDARD = "gnu++14";
				CLANG_CXX_LIBRARY = "libc++";
				CLANG_ENABLE_MODULES = YES;
				CLANG_ENABLE_OBJC_ARC = YES;
				CLANG_ENABLE_OBJC_WEAK = YES;
				CLANG_WARN_BLOCK_CAPTURE_AUTORELEASING = YES;
				CLANG_WARN_BOOL_CONVERSION = YES;
				CLANG_WARN_COMMA = YES;
				CLANG_WARN_CONSTANT_CONVERSION = YES;
				CLANG_WARN_DEPRECATED_OBJC_IMPLEMENTATIONS = YES;
				CLANG_WARN_DIRECT_OBJC_ISA_USAGE = YES_ERROR;
				CLANG_WARN_DOCUMENTATION_COMMENTS = YES;
				CLANG_WARN_EMPTY_BODY = YES;
				CLANG_WARN_ENUM_CONVERSION = YES;
				CLANG_WARN_INFINITE_RECURSION = YES;
				CLANG_WARN_INT_CONVERSION = YES;
				CLANG_WARN_NON_LITERAL_NULL_CONVERSION = YES;
				CLANG_WARN_OBJC_IMPLICIT_RETAIN_SELF = YES;
				CLANG_WARN_OBJC_LITERAL_CONVERSION = YES;
				CLANG_WARN_OBJC_ROOT_CLASS = YES_ERROR;
				CLANG_WARN_QUOTED_INCLUDE_IN_FRAMEWORK_HEADER = YES;
				CLANG_WARN_RANGE_LOOP_ANALYSIS = YES;
				CLANG_WARN_STRICT_PROTOTYPES = YES;
				CLANG_WARN_SUSPICIOUS_MOVE = YES;
				CLANG_WARN_UNGUARDED_AVAILABILITY = YES_AGGRESSIVE;
				CLANG_WARN_UNREACHABLE_CODE = YES;
				CLANG_WARN__DUPLICATE_METHOD_MATCH = YES;
				COPY_PHASE_STRIP = NO;
				DEBUG_INFORMATION_FORMAT = dwarf;
				ENABLE_STRICT_OBJC_MSGSEND = YES;
				ENABLE_TESTABILITY = YES;
				GCC_C_LANGUAGE_STANDARD = gnu11;
				GCC_DYNAMIC_NO_PIC = NO;
				GCC_NO_COMMON_BLOCKS = YES;
				GCC_OPTIMIZATION_LEVEL = 0;
				GCC_PREPROCESSOR_DEFINITIONS = (
					"$(inherited)",
					"DEBUG=1",
				);
				GCC_WARN_64_TO_32_BIT_CONVERSION = YES;
				GCC_WARN_ABOUT_RETURN_TYPE = YES_ERROR;
				GCC_WARN_UNDECLARED_SELECTOR = YES;
				GCC_WARN_UNINITIALIZED_AUTOS = YES_AGGRESSIVE;
				GCC_WARN_UNUSED_FUNCTION = YES;
				GCC_WARN_UNUSED_VARIABLE = YES;
				MACOSX_DEPLOYMENT_TARGET = 13.0;
				MTL_ENABLE_DEBUG_INFO = INCLUDE_SOURCE;
				MTL_FAST_MATH = YES;
				ONLY_ACTIVE_ARCH = YES;
				PRODUCT_NAME = "$(TARGET_NAME)";
				SDKROOT = macosx;
				SWIFT_ACTIVE_COMPILATION_CONDITIONS = DEBUG;
				SWIFT_OPTIMIZATION_LEVEL = "-Onone";
				SWIFT_VERSION = 5.0;
			};
			name = Debug;
		};
		593C7507135441C2672CDCB2 /* Release */ = {
			isa = XCBuildConfiguration;
			buildSettings = {
				BUNDLE_LOADER = "$(TEST_HOST)";
				COMBINE_HIDPI_IMAGES = YES;
				LD_RUNPATH_SEARCH_PATHS = (
					"$(inherited)",
					"@executable_path/../Frameworks",
					"@loader_path/../Frameworks",
				);
				MACOSX_DEPLOYMENT_TARGET = 13.0;
				PRODUCT_BUNDLE_IDENTIFIER = com.specter.KBDongleTests;
				SDKROOT = macosx;
				SWIFT_VERSION = 5.9;
				TEST_HOST = "$(BUILT_PRODUCTS_DIR)/KBDongle.app/Contents/MacOS/KBDongle";
			};
			name = Release;
		};
		5E4B580652E45F2E8003D036 /* Debug */ = {
			isa = XCBuildConfiguration;
			buildSettings = {
				BUNDLE_LOADER = "$(TEST_HOST)";
				COMBINE_HIDPI_IMAGES = YES;
				LD_RUNPATH_SEARCH_PATHS = (
					"$(inherited)",
					"@executable_path/../Frameworks",
					"@loader_path/../Frameworks",
				);
				MACOSX_DEPLOYMENT_TARGET = 13.0;
				PRODUCT_BUNDLE_IDENTIFIER = com.specter.KBDongleTests;
				SDKROOT = macosx;
				SWIFT_VERSION = 5.9;
				TEST_HOST = "$(BUILT_PRODUCTS_DIR)/KBDongle.app/Contents/MacOS/KBDongle";
			};
			name = Debug;
		};
		75FAADED4BA5E85D51A14D74 /* Release */ = {
			isa = XCBuildConfiguration;
			buildSettings = {
				ALWAYS_SEARCH_USER_PATHS = NO;
				CLANG_ANALYZER_NONNULL = YES;
				CLANG_ANALYZER_NUMBER_OBJECT_CONVERSION = YES_AGGRESSIVE;
				CLANG_CXX_LANGUAGE_STANDARD = "gnu++14";
				CLANG_CXX_LIBRARY = "libc++";
				CLANG_ENABLE_MODULES = YES;
				CLANG_ENABLE_OBJC_ARC = YES;
				CLANG_ENABLE_OBJC_WEAK = YES;
				CLANG_WARN_BLOCK_CAPTURE_AUTORELEASING = YES;
				CLANG_WARN_BOOL_CONVERSION = YES;
				CLANG_WARN_COMMA = YES;
				CLANG_WARN_CONSTANT_CONVERSION = YES;
				CLANG_WARN_DEPRECATED_OBJC_IMPLEMENTATIONS = YES;
				CLANG_WARN_DIRECT_OBJC_ISA_USAGE = YES_ERROR;
				CLANG_WARN_DOCUMENTATION_COMMENTS = YES;
				CLANG_WARN_EMPTY_BODY = YES;
				CLANG_WARN_ENUM_CONVERSION = YES;
				CLANG_WARN_INFINITE_RECURSION = YES;
				CLANG_WARN_INT_CONVERSION = YES;
				CLANG_WARN_NON_LITERAL_NULL_CONVERSION = YES;
				CLANG_WARN_OBJC_IMPLICIT_RETAIN_SELF = YES;
				CLANG_WARN_OBJC_LITERAL_CONVERSION = YES;
				CLANG_WARN_OBJC_ROOT_CLASS = YES_ERROR;
				CLANG_WARN_QUOTED_INCLUDE_IN_FRAMEWORK_HEADER = YES;
				CLANG_WARN_RANGE_LOOP_ANALYSIS = YES;
				CLANG_WARN_STRICT_PROTOTYPES = YES;
				CLANG_WARN_SUSPICIOUS_MOVE = YES;
				CLANG_WARN_UNGUARDED_AVAILABILITY = YES_AGGRESSIVE;
				CLANG_WARN_UNREACHABLE_CODE = YES;
				CLANG_WARN__DUPLICATE_METHOD_MATCH = YES;
				COPY_PHASE_STRIP = NO;
				DEBUG_INFORMATION_FORMAT = "dwarf-with-dsym";
				ENABLE_NS_ASSERTIONS = NO;
				ENABLE_STRICT_OBJC_MSGSEND = YES;
				GCC_C_LANGUAGE_STANDARD = gnu11;
				GCC_NO_COMMON_BLOCKS = YES;
				GCC_WARN_64_TO_32_BIT_CONVERSION = YES;
				GCC_WARN_ABOUT_RETURN_TYPE = YES_ERROR;
				GCC_WARN_UNDECLARED_SELECTOR = YES;
				GCC_WARN_UNINITIALIZED_AUTOS = YES_AGGRESSIVE;
				GCC_WARN_UNUSED_FUNCTION = YES;
				GCC_WARN_UNUSED_VARIABLE = YES;
				MACOSX_DEPLOYMENT_TARGET = 13.0;
				MTL_ENABLE_DEBUG_INFO = NO;
				MTL_FAST_MATH = YES;
				PRODUCT_NAME = "$(TARGET_NAME)";
				SDKROOT = macosx;
				SWIFT_COMPILATION_MODE = wholemodule;
				SWIFT_OPTIMIZATION_LEVEL = "-O";
				SWIFT_VERSION = 5.0;
			};
			name = Release;
		};
		AF0C2630B5E31E8464E529A0 /* Debug */ = {
			isa = XCBuildConfiguration;
			buildSettings = {
				ASSETCATALOG_COMPILER_APPICON_NAME = AppIcon;
				CODE_SIGN_ENTITLEMENTS = KBDongle/KBDongle.entitlements;
				CODE_SIGN_STYLE = Automatic;
				COMBINE_HIDPI_IMAGES = YES;
				INFOPLIST_FILE = KBDongle/Info.plist;
				LD_RUNPATH_SEARCH_PATHS = (
					"$(inherited)",
					"@executable_path/../Frameworks",
				);
				MACOSX_DEPLOYMENT_TARGET = 13.0;
				PRODUCT_BUNDLE_IDENTIFIER = com.specter.kbdongle;
				SDKROOT = macosx;
				SWIFT_VERSION = 5.9;
			};
			name = Debug;
		};
		FD812754DFA08799948538B4 /* Release */ = {
			isa = XCBuildConfiguration;
			buildSettings = {
				ASSETCATALOG_COMPILER_APPICON_NAME = AppIcon;
				CODE_SIGN_ENTITLEMENTS = KBDongle/KBDongle.entitlements;
				CODE_SIGN_STYLE = Automatic;
				COMBINE_HIDPI_IMAGES = YES;
				INFOPLIST_FILE = KBDongle/Info.plist;
				LD_RUNPATH_SEARCH_PATHS = (
					"$(inherited)",
					"@executable_path/../Frameworks",
				);
				MACOSX_DEPLOYMENT_TARGET = 13.0;
				PRODUCT_BUNDLE_IDENTIFIER = com.specter.kbdongle;
				SDKROOT = macosx;
				SWIFT_VERSION = 5.9;
			};
			name = Release;
		};
/* End XCBuildConfiguration section */

/* Begin XCConfigurationList section */
		049658B650BE2E20EACE29AB /* Build configuration list for PBXProject "KBDongle" */ = {
			isa = XCConfigurationList;
			buildConfigurations = (
				41011B60330559E34A2F3481 /* Debug */,
				75FAADED4BA5E85D51A14D74 /* Release */,
			);
			defaultConfigurationIsVisible = 0;
			defaultConfigurationName = Debug;
		};
		739FC96B6842A4E67B22BE8C /* Build configuration list for PBXNativeTarget "KBDongle" */ = {
			isa = XCConfigurationList;
			buildConfigurations = (
				AF0C2630B5E31E8464E529A0 /* Debug */,
				FD812754DFA08799948538B4 /* Release */,
			);
			defaultConfigurationIsVisible = 0;
			defaultConfigurationName = Debug;
		};
		C8688A58FA696DD6235FF13F /* Build configuration list for PBXNativeTarget "KBDongleTests" */ = {
			isa = XCConfigurationList;
			buildConfigurations = (
				5E4B580652E45F2E8003D036 /* Debug */,
				593C7507135441C2672CDCB2 /* Release */,
			);
			defaultConfigurationIsVisible = 0;
			defaultConfigurationName = Debug;
		};
/* End XCConfigurationList section */
	};
	rootObject = 03464C0E237ABAE426949904 /* Project object */;
}
